{
  "nodes": {
    "fenix": {
      "inputs": {
        "nixpkgs": [
          "nixpkgs"
        ],
        "rust-analyzer-src": "rust-analyzer-src"
      },
      "locked": {
        "lastModified": 1766990808,
        "narHash": "sha256-6RfhhB6fzxY0p6eE6UhBXoWSaEAcjCgDG9UaQ6ge1tQ=",
        "owner": "nix-community",
        "repo": "fenix",
        "rev": "dfa623c0a6682e6bd4269cc6192f965beb69aa03",
        "type": "github"
      },
      "original": {
        "owner": "nix-community",
        "repo": "fenix",
        "type": "github"
      }
    },
    "nixpkgs": {
      "locked": {
        "lastModified": 1766998315,
        "narHash": "sha256-D3dWvORGUzjjlsUv8E05Xm/+0UAPi9/5zPp0dIz6nAY=",
        "owner": "nixos",
        "repo": "nixpkgs",
        "rev": "5e06f15f2c32a5f1bf6e55ab52c4554d6e5e5b30",
        "type": "github"
      },
      "original": {
        "owner": "nixos",
        "repo": "nixpkgs",
        "type": "github"
      }
    },
    "root": {
      "inputs": {
        "fenix": "fenix",
        "nixpkgs": "nixpkgs"
      }
    },
    "rust-analyzer-src": {
      "flake": false,
      "locked": {
        "lastModified": 1766928643,
        "narHash": "sha256-gq96i+4i2QEK94stPLzMeDdpKPOTOvw4Zicy+qLe7p8=",
        "owner": "rust-lang",
        "repo": "rust-analyzer",
        "rev": "be6975f8f90d33a3b205265a0a858ee29fabae13",
        "type": "github"
      },
      "original": {
        "owner": "rust-lang",
        "ref": "nightly",
        "repo": "rust-analyzer",
        "type": "github"
      }
    }
  },
  "root": "root",
  "version": 7
}
